
Microsoft Visual Studio Solution File, Format Version 12.00
# Visual Studio Version 17
VisualStudioVersion = 17.9.34723.18
MinimumVisualStudioVersion = 10.0.40219.1
Project("{FAE04EC0-301F-11D3-BF4B-00C04F79EFBC}") = "Exceptions", "Exceptions.csproj", "{1CB19C33-3C38-4129-AC5C-3ED8FCB7C2A0}"
EndProject
Global
	GlobalSection(SolutionConfigurationPlatforms) = preSolution
		Debug|Any CPU = Debug|Any CPU
		Release|Any CPU = Release|Any CPU
	EndGlobalSection
	GlobalSection(ProjectConfigurationPlatforms) = postSolution
		{1CB19C33-3C38-4129-AC5C-3ED8FCB7C2A0}.Debug|Any CPU.ActiveCfg = Debug|Any CPU
		{1CB19C33-3C38-4129-AC5C-3ED8FCB7C2A0}.Debug|Any CPU.Build.0 = Debug|Any CPU
		{1CB19C33-3C38-4129-AC5C-3ED8FCB7C2A0}.Release|Any CPU.ActiveCfg = Release|Any CPU
		{1CB19C33-3C38-4129-AC5C-3ED8FCB7C2A0}.Release|Any CPU.Build.0 = Release|Any CPU
	EndGlobalSection
	GlobalSection(SolutionProperties) = preSolution
		HideSolutionNode = FALSE
	EndGlobalSection
	GlobalSection(ExtensibilityGlobals) = postSolution
		SolutionGuid = {F3918735-B633-4A71-9FD9-6552FE16A277}
	EndGlobalSection
EndGlobal
